
Microsoft Visual Studio Solution File, Format Version 12.00
# Visual Studio Version 17
VisualStudioVersion = 17.9.34622.214
MinimumVisualStudioVersion = 10.0.40219.1
Project("{FAE04EC0-301F-11D3-BF4B-00C04F79EFBC}") = "probandoreportes2", "probandoreportes2\probandoreportes2.csproj", "{8512114D-0023-450E-960E-99C0903B3583}"
EndProject
Global
	GlobalSection(SolutionConfigurationPlatforms) = preSolution
		Debug|Any CPU = Debug|Any CPU
		Release|Any CPU = Release|Any CPU
	EndGlobalSection
	GlobalSection(ProjectConfigurationPlatforms) = postSolution
		{8512114D-0023-450E-960E-99C0903B3583}.Debug|Any CPU.ActiveCfg = Debug|Any CPU
		{8512114D-0023-450E-960E-99C0903B3583}.Debug|Any CPU.Build.0 = Debug|Any CPU
		{8512114D-0023-450E-960E-99C0903B3583}.Release|Any CPU.ActiveCfg = Release|Any CPU
		{8512114D-0023-450E-960E-99C0903B3583}.Release|Any CPU.Build.0 = Release|Any CPU
	EndGlobalSection
	GlobalSection(SolutionProperties) = preSolution
		HideSolutionNode = FALSE
	EndGlobalSection
	GlobalSection(ExtensibilityGlobals) = postSolution
		SolutionGuid = {5417DBF1-CE6F-4595-B626-F8584CDB5026}
	EndGlobalSection
EndGlobal
